{
  "name": "spark-fonts",
  "version": "0.0.1",
  "lockfileVersion": 1,
  "requires": true,
  "dependencies": {
    "typeface-lato": {
      "version": "0.0.54",
      "resolved": "https://registry.npmjs.org/typeface-lato/-/typeface-lato-0.0.54.tgz",
      "integrity": "sha512-2/oP5YrXCBSLg+N2ZdWnMbJ0PRIidrJVFHgRoLxo5MNsdu9eE4aBwsoEY/K/+9rKdktGO8zpiXBYPRn9F6U/Sw=="
    },
    "typeface-nunito-sans": {
      "version": "0.0.54",
      "resolved": "https://registry.npmjs.org/typeface-nunito-sans/-/typeface-nunito-sans-0.0.54.tgz",
      "integrity": "sha512-M1ffFL3AOqtBoiFjFqdeia2UjeWJYnT1BLykQ4j1CqwQS2mGVyQQaw6f5tlFtn0Z003jkNLp/hEGEDcP4EyBOA=="
    },
    "typeface-open-sans": {
      "version": "0.0.54",
      "resolved": "https://registry.npmjs.org/typeface-open-sans/-/typeface-open-sans-0.0.54.tgz",
      "integrity": "sha512-w6wOd6EicZdZKf0jSU/K3EzEi3zFgvWQSN7NOpRIQI5KeMWmC5Pg/lqtBVJHB0pRChYRmLdhf4h8ROur0A3JZQ=="
    },
    "typeface-roboto": {
      "version": "0.0.54",
      "resolved": "https://registry.npmjs.org/typeface-roboto/-/typeface-roboto-0.0.54.tgz",
      "integrity": "sha512-sOFA1FXgP0gOgBYlS6irwq6hHYA370KE3dPlgYEJHL3PJd5X8gQE0RmL79ONif6fL5JZuGDj+rtOrFeOqz5IZQ=="
    },
    "typeface-source-sans-pro": {
      "version": "0.0.54",
      "resolved": "https://registry.npmjs.org/typeface-source-sans-pro/-/typeface-source-sans-pro-0.0.54.tgz",
      "integrity": "sha512-4nsvldyZsOBuvR4oEuUMTquJFVssP4iIVnMEIU4paCWo2940b6r/t95sk7KwDpCablS8DprM/YlhpgqnS7gpKg=="
    },
    "typeface-ubuntu": {
      "version": "0.0.54",
      "resolved": "https://registry.npmjs.org/typeface-ubuntu/-/typeface-ubuntu-0.0.54.tgz",
      "integrity": "sha512-nk1w3HZzv+YqwOckIZBOblzawt1yQjaRCsck/Uv6eCV+IzZl6ncRWzYXK+Q6mVFyeks7QA58fZDfL8OOzyUSag=="
    }
  }
}
