{
    "name": "com.spark.wallet",
    "version": "0.1.0",
    "lockfileVersion": 1,
    "requires": true,
    "dependencies": {
        "ansi": {
            "version": "0.3.1",
            "resolved": "https://registry.npmjs.org/ansi/-/ansi-0.3.1.tgz",
            "integrity": "sha1-DELU+xcWDVqa8eSEus4cZpIsGyE="
        },
        "balanced-match": {
            "version": "1.0.0",
            "resolved": "https://registry.npmjs.org/balanced-match/-/balanced-match-1.0.0.tgz",
            "integrity": "sha1-ibTRmasr7kneFk6gK4nORi1xt2c="
        },
        "base64-js": {
            "version": "0.0.8",
            "resolved": "https://registry.npmjs.org/base64-js/-/base64-js-0.0.8.tgz",
            "integrity": "sha1-EQHpVE9KdrG8OybUUsqW16NeeXg="
        },
        "big-integer": {
            "version": "1.6.32",
            "resolved": "https://registry.npmjs.org/big-integer/-/big-integer-1.6.32.tgz",
            "integrity": "sha512-ljKJdR3wk9thHfLj4DtrNiOSTxvGFaMjWrG4pW75juXC4j7+XuKJVFdg4kgFMYp85PVkO05dFMj2dk2xVsH4xw=="
        },
        "bplist-parser": {
            "version": "0.1.1",
            "resolved": "https://registry.npmjs.org/bplist-parser/-/bplist-parser-0.1.1.tgz",
            "integrity": "sha1-1g1dzCDLptx+HymbNdPh+V2vuuY=",
            "requires": {
                "big-integer": "1.6.32"
            }
        },
        "brace-expansion": {
            "version": "1.1.11",
            "resolved": "https://registry.npmjs.org/brace-expansion/-/brace-expansion-1.1.11.tgz",
            "integrity": "sha512-iCuPHDFgrHX7H2vEI/5xpz07zSHB00TpugqhmYtVmMO6518mCuRMoOYFldEBl0g187ufozdaHgWKcYFb61qGiA==",
            "requires": {
                "balanced-match": "1.0.0",
                "concat-map": "0.0.1"
            }
        },
        "concat-map": {
            "version": "0.0.1",
            "resolved": "https://registry.npmjs.org/concat-map/-/concat-map-0.0.1.tgz",
            "integrity": "sha1-2Klr13/Wjfd5OnMDajug1UBdR3s="
        },
        "cordova-android": {
            "version": "7.1.0",
            "resolved": "https://registry.npmjs.org/cordova-android/-/cordova-android-7.1.0.tgz",
            "integrity": "sha1-HNNu57nRm61Q0+mEK3Mf5ZCSTdU=",
            "requires": {
                "android-versions": "1.3.0",
                "cordova-common": "2.2.1",
                "elementtree": "0.1.6",
                "nopt": "3.0.6",
                "properties-parser": "0.2.3",
                "q": "1.5.1",
                "shelljs": "0.5.3"
            },
            "dependencies": {
                "abbrev": {
                    "version": "1.1.1",
                    "bundled": true
                },
                "android-versions": {
                    "version": "1.3.0",
                    "bundled": true,
                    "requires": {
                        "semver": "5.5.0"
                    }
                },
                "elementtree": {
                    "version": "0.1.6",
                    "bundled": true,
                    "requires": {
                        "sax": "0.3.5"
                    }
                },
                "nopt": {
                    "version": "3.0.6",
                    "bundled": true,
                    "requires": {
                        "abbrev": "1.1.1"
                    }
                },
                "properties-parser": {
                    "version": "0.2.3",
                    "bundled": true
                },
                "q": {
                    "version": "1.5.1",
                    "bundled": true
                },
                "sax": {
                    "version": "0.3.5",
                    "bundled": true
                },
                "semver": {
                    "version": "5.5.0",
                    "bundled": true
                },
                "shelljs": {
                    "version": "0.5.3",
                    "bundled": true
                }
            }
        },
        "cordova-common": {
            "version": "2.2.1",
            "resolved": "https://registry.npmjs.org/cordova-common/-/cordova-common-2.2.1.tgz",
            "integrity": "sha1-cAm8WRcpyqcoWliM/Wp7VM2DTww=",
            "requires": {
                "ansi": "0.3.1",
                "bplist-parser": "0.1.1",
                "cordova-registry-mapper": "1.1.15",
                "elementtree": "0.1.6",
                "glob": "5.0.15",
                "minimatch": "3.0.4",
                "osenv": "0.1.5",
                "plist": "1.2.0",
                "q": "1.5.1",
                "semver": "5.5.0",
                "shelljs": "0.5.3",
                "underscore": "1.9.1",
                "unorm": "1.4.1"
            }
        },
        "cordova-plugin-badge": {
            "version": "0.8.7",
            "resolved": "https://registry.npmjs.org/cordova-plugin-badge/-/cordova-plugin-badge-0.8.7.tgz",
            "integrity": "sha512-s+s4yusKdeJ4sMPhQs4zR3lR2UuROzSy14GFAp00pTHPiBfCtxeINSUYAZYnpuO3RGx6PPlVCwSJpVG0IdM58g=="
        },
        "cordova-plugin-customurlscheme": {
            "version": "4.3.0",
            "resolved": "https://registry.npmjs.org/cordova-plugin-customurlscheme/-/cordova-plugin-customurlscheme-4.3.0.tgz",
            "integrity": "sha1-Avlod4tAk5kOsEB/P6GxRY1wX5Q="
        },
        "cordova-plugin-device": {
            "version": "2.0.2",
            "resolved": "https://registry.npmjs.org/cordova-plugin-device/-/cordova-plugin-device-2.0.2.tgz",
            "integrity": "sha1-/Ajzci5n7ve2xnv8mag99q3Quro="
        },
        "cordova-plugin-local-notification": {
            "version": "0.9.0-beta.3",
            "resolved": "https://registry.npmjs.org/cordova-plugin-local-notification/-/cordova-plugin-local-notification-0.9.0-beta.3.tgz",
            "integrity": "sha512-L3Z1velxrkm9nHFcvLnMgBPZjKFt6hwM6hn1lA+JFwIR26Yw6UF72z+/lRMBclAcOxBIDYCqeaLgvezmajjuEg=="
        },
        "cordova-plugin-qrscanner": {
            "version": "2.6.0",
            "resolved": "https://registry.npmjs.org/cordova-plugin-qrscanner/-/cordova-plugin-qrscanner-2.6.0.tgz",
            "integrity": "sha512-bgy+cG0HdpuSW/JxHDFQYaO46Ma8nYTjwduhhWhMmuYeljozqQ4RJcwhJQaxHnjuDi3XDz+rHkszOEOhlSG23w==",
            "requires": {
                "qrcode-reader": "1.0.4",
                "webrtc-adapter": "3.4.3"
            }
        },
        "cordova-plugin-screen-orientation": {
            "version": "3.0.1",
            "resolved": "https://registry.npmjs.org/cordova-plugin-screen-orientation/-/cordova-plugin-screen-orientation-3.0.1.tgz",
            "integrity": "sha1-daNXzik4CB6PYdRgU5S213Rjwfg="
        },
        "cordova-plugin-whitelist": {
            "version": "1.3.3",
            "resolved": "https://registry.npmjs.org/cordova-plugin-whitelist/-/cordova-plugin-whitelist-1.3.3.tgz",
            "integrity": "sha1-tehezbv+Wu3tQKG/TuI3LmfZb7Q="
        },
        "cordova-registry-mapper": {
            "version": "1.1.15",
            "resolved": "https://registry.npmjs.org/cordova-registry-mapper/-/cordova-registry-mapper-1.1.15.tgz",
            "integrity": "sha1-4kS5GFuBdUc7/2B5MkkFEV+D3Hw="
        },
        "elementtree": {
            "version": "0.1.6",
            "resolved": "https://registry.npmjs.org/elementtree/-/elementtree-0.1.6.tgz",
            "integrity": "sha1-KsTEbqMFFsjEy9teOsdBjlkt4gw=",
            "requires": {
                "sax": "0.3.5"
            }
        },
        "es6-promise-plugin": {
            "version": "4.2.2",
            "resolved": "https://registry.npmjs.org/es6-promise-plugin/-/es6-promise-plugin-4.2.2.tgz",
            "integrity": "sha512-uoA4aVplXI9oqUYJFBAVRwAqIN9/n9JgrTAUGX3qPbnSZVE5yY1+6/MsoN5f4xsaPO62WjPHOdtts6okMN6tNA=="
        },
        "glob": {
            "version": "5.0.15",
            "resolved": "https://registry.npmjs.org/glob/-/glob-5.0.15.tgz",
            "integrity": "sha1-G8k2ueAvSmA/zCIuz3Yz0wuLk7E=",
            "requires": {
                "inflight": "1.0.6",
                "inherits": "2.0.3",
                "minimatch": "3.0.4",
                "once": "1.4.0",
                "path-is-absolute": "1.0.1"
            }
        },
        "inflight": {
            "version": "1.0.6",
            "resolved": "https://registry.npmjs.org/inflight/-/inflight-1.0.6.tgz",
            "integrity": "sha1-Sb1jMdfQLQwJvJEKEHW6gWW1bfk=",
            "requires": {
                "once": "1.4.0",
                "wrappy": "1.0.2"
            }
        },
        "inherits": {
            "version": "2.0.3",
            "resolved": "https://registry.npmjs.org/inherits/-/inherits-2.0.3.tgz",
            "integrity": "sha1-Yzwsg+PaQqUC9SRmAiSA9CCCYd4="
        },
        "lodash": {
            "version": "3.10.1",
            "resolved": "https://registry.npmjs.org/lodash/-/lodash-3.10.1.tgz",
            "integrity": "sha1-W/Rejkm6QYnhfUgnid/RW9FAt7Y="
        },
        "minimatch": {
            "version": "3.0.4",
            "resolved": "https://registry.npmjs.org/minimatch/-/minimatch-3.0.4.tgz",
            "integrity": "sha512-yJHVQEhyqPLUTgt9B83PXu6W3rx4MvvHvSUvToogpwoGDOUQ+yDrR0HRot+yOCdCO7u4hX3pWft6kWBBcqh0UA==",
            "requires": {
                "brace-expansion": "1.1.11"
            }
        },
        "once": {
            "version": "1.4.0",
            "resolved": "https://registry.npmjs.org/once/-/once-1.4.0.tgz",
            "integrity": "sha1-WDsap3WWHUsROsF9nFC6753Xa9E=",
            "requires": {
                "wrappy": "1.0.2"
            }
        },
        "os-homedir": {
            "version": "1.0.2",
            "resolved": "https://registry.npmjs.org/os-homedir/-/os-homedir-1.0.2.tgz",
            "integrity": "sha1-/7xJiDNuDoM94MFox+8VISGqf7M="
        },
        "os-tmpdir": {
            "version": "1.0.2",
            "resolved": "https://registry.npmjs.org/os-tmpdir/-/os-tmpdir-1.0.2.tgz",
            "integrity": "sha1-u+Z0BseaqFxc/sdm/lc0VV36EnQ="
        },
        "osenv": {
            "version": "0.1.5",
            "resolved": "https://registry.npmjs.org/osenv/-/osenv-0.1.5.tgz",
            "integrity": "sha512-0CWcCECdMVc2Rw3U5w9ZjqX6ga6ubk1xDVKxtBQPK7wis/0F2r9T6k4ydGYhecl7YUBxBVxhL5oisPsNxAPe2g==",
            "requires": {
                "os-homedir": "1.0.2",
                "os-tmpdir": "1.0.2"
            }
        },
        "path-is-absolute": {
            "version": "1.0.1",
            "resolved": "https://registry.npmjs.org/path-is-absolute/-/path-is-absolute-1.0.1.tgz",
            "integrity": "sha1-F0uSaHNVNP+8es5r9TpanhtcX18="
        },
        "plist": {
            "version": "1.2.0",
            "resolved": "https://registry.npmjs.org/plist/-/plist-1.2.0.tgz",
            "integrity": "sha1-CEtQk93JJQbiWfh0uNmxr7jHlZM=",
            "requires": {
                "base64-js": "0.0.8",
                "util-deprecate": "1.0.2",
                "xmlbuilder": "4.0.0",
                "xmldom": "0.1.27"
            }
        },
        "q": {
            "version": "1.5.1",
            "resolved": "https://registry.npmjs.org/q/-/q-1.5.1.tgz",
            "integrity": "sha1-fjL3W0E4EpHQRhHxvxQQmsAGUdc="
        },
        "qrcode-reader": {
            "version": "1.0.4",
            "resolved": "https://registry.npmjs.org/qrcode-reader/-/qrcode-reader-1.0.4.tgz",
            "integrity": "sha512-rRjALGNh9zVqvweg1j5OKIQKNsw3bLC+7qwlnead5K/9cb1cEIAGkwikt/09U0K+2IDWGD9CC6SP7tHAjUeqvQ=="
        },
        "sax": {
            "version": "0.3.5",
            "resolved": "https://registry.npmjs.org/sax/-/sax-0.3.5.tgz",
            "integrity": "sha1-iPz8H3PAyLvVt8d2ttPzUB7tBz0="
        },
        "sdp": {
            "version": "1.5.4",
            "resolved": "https://registry.npmjs.org/sdp/-/sdp-1.5.4.tgz",
            "integrity": "sha1-jgOPbdsUvXZa4fS1IW4SCUUR4NA="
        },
        "semver": {
            "version": "5.5.0",
            "resolved": "https://registry.npmjs.org/semver/-/semver-5.5.0.tgz",
            "integrity": "sha512-4SJ3dm0WAwWy/NVeioZh5AntkdJoWKxHxcmyP622fOkgHa4z3R0TdBJICINyaSDE6uNwVc8gZr+ZinwZAH4xIA=="
        },
        "shelljs": {
            "version": "0.5.3",
            "resolved": "https://registry.npmjs.org/shelljs/-/shelljs-0.5.3.tgz",
            "integrity": "sha1-xUmCuZbHbvDB5rWfvcWCX1txMRM="
        },
        "underscore": {
            "version": "1.9.1",
            "resolved": "https://registry.npmjs.org/underscore/-/underscore-1.9.1.tgz",
            "integrity": "sha512-5/4etnCkd9c8gwgowi5/om/mYO5ajCaOgdzj/oW+0eQV9WxKBDZw5+ycmKmeaTXjInS/W0BzpGLo2xR2aBwZdg=="
        },
        "unorm": {
            "version": "1.4.1",
            "resolved": "https://registry.npmjs.org/unorm/-/unorm-1.4.1.tgz",
            "integrity": "sha1-NkIA1fE2RsqLzURJAnEzVhR5IwA="
        },
        "util-deprecate": {
            "version": "1.0.2",
            "resolved": "https://registry.npmjs.org/util-deprecate/-/util-deprecate-1.0.2.tgz",
            "integrity": "sha1-RQ1Nyfpw3nMnYvvS1KKJgUGaDM8="
        },
        "webrtc-adapter": {
            "version": "3.4.3",
            "resolved": "https://registry.npmjs.org/webrtc-adapter/-/webrtc-adapter-3.4.3.tgz",
            "integrity": "sha1-tjYGLu6abvFYrNDYUBtnhDS1bxY=",
            "requires": {
                "sdp": "1.5.4"
            }
        },
        "wrappy": {
            "version": "1.0.2",
            "resolved": "https://registry.npmjs.org/wrappy/-/wrappy-1.0.2.tgz",
            "integrity": "sha1-tSQ9jz7BqjXxNkYFvA0QNuMKtp8="
        },
        "xmlbuilder": {
            "version": "4.0.0",
            "resolved": "https://registry.npmjs.org/xmlbuilder/-/xmlbuilder-4.0.0.tgz",
            "integrity": "sha1-mLj2UcowqmJANvEn0RzGbce5B6M=",
            "requires": {
                "lodash": "3.10.1"
            }
        },
        "xmldom": {
            "version": "0.1.27",
            "resolved": "https://registry.npmjs.org/xmldom/-/xmldom-0.1.27.tgz",
            "integrity": "sha1-1QH5ezvbQDr4757MIFcxh6rawOk="
        }
    }
}
